
Microsoft Visual Studio Solution File, Format Version 12.00
# Visual Studio 15
VisualStudioVersion = 15.0.27130.2003
MinimumVisualStudioVersion = 10.0.40219.1
Project("{FAE04EC0-301F-11D3-BF4B-00C04F79EFBC}") = "HighlightVideoOnline.Android", "HighlightVideoOnline\HighlightVideoOnline.Android\HighlightVideoOnline.Android.csproj", "{5B92520C-18D3-4537-9AAB-C726B4106316}"
EndProject
Project("{FAE04EC0-301F-11D3-BF4B-00C04F79EFBC}") = "HighlightVideoOnline.iOS", "HighlightVideoOnline\HighlightVideoOnline.iOS\HighlightVideoOnline.iOS.csproj", "{716DB9D9-091D-40EC-A00C-C89640DCF395}"
EndProject
Project("{FAE04EC0-301F-11D3-BF4B-00C04F79EFBC}") = "HighlightVideoOnline", "HighlightVideoOnline\HighlightVideoOnline\HighlightVideoOnline.csproj", "{7FE247FC-A149-4A46-921A-09E3DFFF1D0F}"
EndProject
Global
	GlobalSection(SolutionConfigurationPlatforms) = preSolution
		Ad-Hoc|Any CPU = Ad-Hoc|Any CPU
		Ad-Hoc|iPhone = Ad-Hoc|iPhone
		Ad-Hoc|iPhoneSimulator = Ad-Hoc|iPhoneSimulator
		AppStore|Any CPU = AppStore|Any CPU
		AppStore|iPhone = AppStore|iPhone
		AppStore|iPhoneSimulator = AppStore|iPhoneSimulator
		Debug|Any CPU = Debug|Any CPU
		Debug|iPhone = Debug|iPhone
		Debug|iPhoneSimulator = Debug|iPhoneSimulator
		Release|Any CPU = Release|Any CPU
		Release|iPhone = Release|iPhone
		Release|iPhoneSimulator = Release|iPhoneSimulator
	EndGlobalSection
	GlobalSection(ProjectConfigurationPlatforms) = postSolution
		{5B92520C-18D3-4537-9AAB-C726B4106316}.Ad-Hoc|Any CPU.ActiveCfg = Release|Any CPU
		{5B92520C-18D3-4537-9AAB-C726B4106316}.Ad-Hoc|Any CPU.Build.0 = Release|Any CPU
		{5B92520C-18D3-4537-9AAB-C726B4106316}.Ad-Hoc|Any CPU.Deploy.0 = Release|Any CPU
		{5B92520C-18D3-4537-9AAB-C726B4106316}.Ad-Hoc|iPhone.ActiveCfg = Release|Any CPU
		{5B92520C-18D3-4537-9AAB-C726B4106316}.Ad-Hoc|iPhone.Build.0 = Release|Any CPU
		{5B92520C-18D3-4537-9AAB-C726B4106316}.Ad-Hoc|iPhone.Deploy.0 = Release|Any CPU
		{5B92520C-18D3-4537-9AAB-C726B4106316}.Ad-Hoc|iPhoneSimulator.ActiveCfg = Release|Any CPU
		{5B92520C-18D3-4537-9AAB-C726B4106316}.Ad-Hoc|iPhoneSimulator.Build.0 = Release|Any CPU
		{5B92520C-18D3-4537-9AAB-C726B4106316}.Ad-Hoc|iPhoneSimulator.Deploy.0 = Release|Any CPU
		{5B92520C-18D3-4537-9AAB-C726B4106316}.AppStore|Any CPU.ActiveCfg = Release|Any CPU
		{5B92520C-18D3-4537-9AAB-C726B4106316}.AppStore|Any CPU.Build.0 = Release|Any CPU
		{5B92520C-18D3-4537-9AAB-C726B4106316}.AppStore|Any CPU.Deploy.0 = Release|Any CPU
		{5B92520C-18D3-4537-9AAB-C726B4106316}.AppStore|iPhone.ActiveCfg = Release|Any CPU
		{5B92520C-18D3-4537-9AAB-C726B4106316}.AppStore|iPhone.Build.0 = Release|Any CPU
		{5B92520C-18D3-4537-9AAB-C726B4106316}.AppStore|iPhone.Deploy.0 = Release|Any CPU
		{5B92520C-18D3-4537-9AAB-C726B4106316}.AppStore|iPhoneSimulator.ActiveCfg = Release|Any CPU
		{5B92520C-18D3-4537-9AAB-C726B4106316}.AppStore|iPhoneSimulator.Build.0 = Release|Any CPU
		{5B92520C-18D3-4537-9AAB-C726B4106316}.AppStore|iPhoneSimulator.Deploy.0 = Release|Any CPU
		{5B92520C-18D3-4537-9AAB-C726B4106316}.Debug|Any CPU.ActiveCfg = Debug|Any CPU
		{5B92520C-18D3-4537-9AAB-C726B4106316}.Debug|Any CPU.Build.0 = Debug|Any CPU
		{5B92520C-18D3-4537-9AAB-C726B4106316}.Debug|Any CPU.Deploy.0 = Debug|Any CPU
		{5B92520C-18D3-4537-9AAB-C726B4106316}.Debug|iPhone.ActiveCfg = Debug|Any CPU
		{5B92520C-18D3-4537-9AAB-C726B4106316}.Debug|iPhone.Build.0 = Debug|Any CPU
		{5B92520C-18D3-4537-9AAB-C726B4106316}.Debug|iPhone.Deploy.0 = Debug|Any CPU
		{5B92520C-18D3-4537-9AAB-C726B4106316}.Debug|iPhoneSimulator.ActiveCfg = Debug|Any CPU
		{5B92520C-18D3-4537-9AAB-C726B4106316}.Debug|iPhoneSimulator.Build.0 = Debug|Any CPU
		{5B92520C-18D3-4537-9AAB-C726B4106316}.Debug|iPhoneSimulator.Deploy.0 = Debug|Any CPU
		{5B92520C-18D3-4537-9AAB-C726B4106316}.Release|Any CPU.ActiveCfg = Release|Any CPU
		{5B92520C-18D3-4537-9AAB-C726B4106316}.Release|Any CPU.Build.0 = Release|Any CPU
		{5B92520C-18D3-4537-9AAB-C726B4106316}.Release|Any CPU.Deploy.0 = Release|Any CPU
		{5B92520C-18D3-4537-9AAB-C726B4106316}.Release|iPhone.ActiveCfg = Release|Any CPU
		{5B92520C-18D3-4537-9AAB-C726B4106316}.Release|iPhone.Build.0 = Release|Any CPU
		{5B92520C-18D3-4537-9AAB-C726B4106316}.Release|iPhone.Deploy.0 = Release|Any CPU
		{5B92520C-18D3-4537-9AAB-C726B4106316}.Release|iPhoneSimulator.ActiveCfg = Release|Any CPU
		{5B92520C-18D3-4537-9AAB-C726B4106316}.Release|iPhoneSimulator.Build.0 = Release|Any CPU
		{5B92520C-18D3-4537-9AAB-C726B4106316}.Release|iPhoneSimulator.Deploy.0 = Release|Any CPU
		{716DB9D9-091D-40EC-A00C-C89640DCF395}.Ad-Hoc|Any CPU.ActiveCfg = Ad-Hoc|iPhone
		{716DB9D9-091D-40EC-A00C-C89640DCF395}.Ad-Hoc|iPhone.ActiveCfg = Ad-Hoc|iPhone
		{716DB9D9-091D-40EC-A00C-C89640DCF395}.Ad-Hoc|iPhone.Build.0 = Ad-Hoc|iPhone
		{716DB9D9-091D-40EC-A00C-C89640DCF395}.Ad-Hoc|iPhoneSimulator.ActiveCfg = Ad-Hoc|iPhoneSimulator
		{716DB9D9-091D-40EC-A00C-C89640DCF395}.Ad-Hoc|iPhoneSimulator.Build.0 = Ad-Hoc|iPhoneSimulator
		{716DB9D9-091D-40EC-A00C-C89640DCF395}.AppStore|Any CPU.ActiveCfg = AppStore|iPhone
		{716DB9D9-091D-40EC-A00C-C89640DCF395}.AppStore|iPhone.ActiveCfg = AppStore|iPhone
		{716DB9D9-091D-40EC-A00C-C89640DCF395}.AppStore|iPhone.Build.0 = AppStore|iPhone
		{716DB9D9-091D-40EC-A00C-C89640DCF395}.AppStore|iPhoneSimulator.ActiveCfg = AppStore|iPhoneSimulator
		{716DB9D9-091D-40EC-A00C-C89640DCF395}.AppStore|iPhoneSimulator.Build.0 = AppStore|iPhoneSimulator
		{716DB9D9-091D-40EC-A00C-C89640DCF395}.Debug|Any CPU.ActiveCfg = Debug|iPhone
		{716DB9D9-091D-40EC-A00C-C89640DCF395}.Debug|iPhone.ActiveCfg = Debug|iPhone
		{716DB9D9-091D-40EC-A00C-C89640DCF395}.Debug|iPhone.Build.0 = Debug|iPhone
		{716DB9D9-091D-40EC-A00C-C89640DCF395}.Debug|iPhoneSimulator.ActiveCfg = Debug|iPhoneSimulator
		{716DB9D9-091D-40EC-A00C-C89640DCF395}.Debug|iPhoneSimulator.Build.0 = Debug|iPhoneSimulator
		{716DB9D9-091D-40EC-A00C-C89640DCF395}.Release|Any CPU.ActiveCfg = Release|iPhone
		{716DB9D9-091D-40EC-A00C-C89640DCF395}.Release|iPhone.ActiveCfg = Release|iPhone
		{716DB9D9-091D-40EC-A00C-C89640DCF395}.Release|iPhone.Build.0 = Release|iPhone
		{716DB9D9-091D-40EC-A00C-C89640DCF395}.Release|iPhoneSimulator.ActiveCfg = Release|iPhoneSimulator
		{716DB9D9-091D-40EC-A00C-C89640DCF395}.Release|iPhoneSimulator.Build.0 = Release|iPhoneSimulator
		{7FE247FC-A149-4A46-921A-09E3DFFF1D0F}.Ad-Hoc|Any CPU.ActiveCfg = Debug|Any CPU
		{7FE247FC-A149-4A46-921A-09E3DFFF1D0F}.Ad-Hoc|Any CPU.Build.0 = Debug|Any CPU
		{7FE247FC-A149-4A46-921A-09E3DFFF1D0F}.Ad-Hoc|iPhone.ActiveCfg = Debug|Any CPU
		{7FE247FC-A149-4A46-921A-09E3DFFF1D0F}.Ad-Hoc|iPhone.Build.0 = Debug|Any CPU
		{7FE247FC-A149-4A46-921A-09E3DFFF1D0F}.Ad-Hoc|iPhoneSimulator.ActiveCfg = Debug|Any CPU
		{7FE247FC-A149-4A46-921A-09E3DFFF1D0F}.Ad-Hoc|iPhoneSimulator.Build.0 = Debug|Any CPU
		{7FE247FC-A149-4A46-921A-09E3DFFF1D0F}.AppStore|Any CPU.ActiveCfg = Debug|Any CPU
		{7FE247FC-A149-4A46-921A-09E3DFFF1D0F}.AppStore|Any CPU.Build.0 = Debug|Any CPU
		{7FE247FC-A149-4A46-921A-09E3DFFF1D0F}.AppStore|iPhone.ActiveCfg = Debug|Any CPU
		{7FE247FC-A149-4A46-921A-09E3DFFF1D0F}.AppStore|iPhone.Build.0 = Debug|Any CPU
		{7FE247FC-A149-4A46-921A-09E3DFFF1D0F}.AppStore|iPhoneSimulator.ActiveCfg = Debug|Any CPU
		{7FE247FC-A149-4A46-921A-09E3DFFF1D0F}.AppStore|iPhoneSimulator.Build.0 = Debug|Any CPU
		{7FE247FC-A149-4A46-921A-09E3DFFF1D0F}.Debug|Any CPU.ActiveCfg = Debug|Any CPU
		{7FE247FC-A149-4A46-921A-09E3DFFF1D0F}.Debug|Any CPU.Build.0 = Debug|Any CPU
		{7FE247FC-A149-4A46-921A-09E3DFFF1D0F}.Debug|iPhone.ActiveCfg = Debug|Any CPU
		{7FE247FC-A149-4A46-921A-09E3DFFF1D0F}.Debug|iPhone.Build.0 = Debug|Any CPU
		{7FE247FC-A149-4A46-921A-09E3DFFF1D0F}.Debug|iPhoneSimulator.ActiveCfg = Debug|Any CPU
		{7FE247FC-A149-4A46-921A-09E3DFFF1D0F}.Debug|iPhoneSimulator.Build.0 = Debug|Any CPU
		{7FE247FC-A149-4A46-921A-09E3DFFF1D0F}.Release|Any CPU.ActiveCfg = Release|Any CPU
		{7FE247FC-A149-4A46-921A-09E3DFFF1D0F}.Release|Any CPU.Build.0 = Release|Any CPU
		{7FE247FC-A149-4A46-921A-09E3DFFF1D0F}.Release|iPhone.ActiveCfg = Release|Any CPU
		{7FE247FC-A149-4A46-921A-09E3DFFF1D0F}.Release|iPhone.Build.0 = Release|Any CPU
		{7FE247FC-A149-4A46-921A-09E3DFFF1D0F}.Release|iPhoneSimulator.ActiveCfg = Release|Any CPU
		{7FE247FC-A149-4A46-921A-09E3DFFF1D0F}.Release|iPhoneSimulator.Build.0 = Release|Any CPU
	EndGlobalSection
	GlobalSection(SolutionProperties) = preSolution
		HideSolutionNode = FALSE
	EndGlobalSection
	GlobalSection(ExtensibilityGlobals) = postSolution
		SolutionGuid = {75D59A4F-6DB5-4CD4-B616-E5E6BE2840B5}
	EndGlobalSection
EndGlobal
